# THIS IS AN AUTOGENERATED FILE. DO NOT EDIT THIS FILE DIRECTLY.
# yarn lockfile v1


"@angular/core@^7.2.2":
  version "7.2.2"
  resolved "https://registry.yarnpkg.com/@angular/core/-/core-7.2.2.tgz#a0081d943f439b7c4fc4bfd877757931ed7edf63"
  integrity sha512-kQ0HxUYAPvly8b3aibTGbiodFnBBgo3asXAQuPgFjYYEqcKR1zZII7PQdaEF9kb9sfm/IKLKj4nd9fZ0gcgqZg==
  dependencies:
    tslib "^1.9.0"

"@ngrx/store@^7.2.0":
  version "7.2.0"
  resolved "https://registry.yarnpkg.com/@ngrx/store/-/store-7.2.0.tgz#b22200fd48b721afe0e5cc9eec92f3dc31c078b1"
  integrity sha512-E9c0cDot0HeE0mXyeqw18SwmJ2+eKnA5mMMfwvoskpMInCYGI2pq1i6/lCVQ2wrEHSH+KvObK4PQbepcA9vP+w==

"@types/jquery@*":
  version "3.3.29"
  resolved "https://registry.yarnpkg.com/@types/jquery/-/jquery-3.3.29.tgz#680a2219ce3c9250483722fccf5570d1e2d08abd"
  integrity sha512-FhJvBninYD36v3k6c+bVk1DSZwh7B5Dpb/Pyk3HKVsiohn0nhbefZZ+3JXbWQhFyt0MxSl2jRDdGQPHeOHFXrQ==
  dependencies:
    "@types/sizzle" "*"

"@types/node@^10.12.19":
  version "10.12.19"
  resolved "https://registry.yarnpkg.com/@types/node/-/node-10.12.19.tgz#ca1018c26be01f07e66ac7fefbeb6407e4490c61"
  integrity sha512-2NVovndCjJQj6fUUn9jCgpP4WSqr+u1SoUZMZyJkhGeBFsm6dE46l31S7lPUYt9uQ28XI+ibrJA1f5XyH5HNtA==

"@types/signalr@^2.2.35":
  version "2.2.35"
  resolved "https://registry.yarnpkg.com/@types/signalr/-/signalr-2.2.35.tgz#88b37702fac663c91a0f655a3577cba2d20fb2f1"
  integrity sha512-YVIqZzmiNA8E1maMM57fqz44xJFTWxoNeuw3NfYv/j22lVhVXZeef1rOFo96ENpnrpEa+5ktKpDsGpozfKdTCw==
  dependencies:
    "@types/jquery" "*"

"@types/sizzle@*":
  version "2.3.2"
  resolved "https://registry.yarnpkg.com/@types/sizzle/-/sizzle-2.3.2.tgz#a811b8c18e2babab7d542b3365887ae2e4d9de47"
  integrity sha512-7EJYyKTL7tFR8+gDbB6Wwz/arpGa0Mywk1TJbNzKzHtzbwVmY4HR9WqS5VV7dsBUKQmPNr192jHr/VpBluj/hg==

jquery@>=1.6.4, jquery@^3.3.1:
  version "3.3.1"
  resolved "https://registry.yarnpkg.com/jquery/-/jquery-3.3.1.tgz#958ce29e81c9790f31be7792df5d4d95fc57fbca"
  integrity sha512-Ubldcmxp5np52/ENotGxlLe6aGMvmF4R8S6tZjsP6Knsaxd/xp3Zrh50cG93lR6nPXyUFwzN3ZSOQI0wRJNdGg==

rxjs@^6.3.3:
  version "6.3.3"
  resolved "https://registry.yarnpkg.com/rxjs/-/rxjs-6.3.3.tgz#3c6a7fa420e844a81390fb1158a9ec614f4bad55"
  integrity sha512-JTWmoY9tWCs7zvIk/CvRjhjGaOd+OVBM987mxFo+OW66cGpdKjZcpmc74ES1sB//7Kl/PAe8+wEakuhG4pcgOw==
  dependencies:
    tslib "^1.9.0"

signalr@^2.4.0:
  version "2.4.0"
  resolved "https://registry.yarnpkg.com/signalr/-/signalr-2.4.0.tgz#92af008e6b527ad4b36e94fbb340e135087a60d2"
  integrity sha512-GPJHb3pcNk3IUui5/WG8lMuarEn+Vpc8wEvJ60w0KQ43W9FHnJcuNcF8dkZePr81eBslzicsRdyEunKNF7KjZQ==
  dependencies:
    jquery ">=1.6.4"

tslib@^1.9.0:
  version "1.9.3"
  resolved "https://registry.yarnpkg.com/tslib/-/tslib-1.9.3.tgz#d7e4dd79245d85428c4d7e4822a79917954ca286"
  integrity sha512-4krF8scpejhaOgqzBEcGM7yDIEfi0/8+8zDRZhNZZ2kjmHJ4hv3zCbQWxoJGz1iw5U0Jl0nma13xzHXcncMavQ==

typescript@^3.2.4:
  version "3.2.4"
  resolved "https://registry.yarnpkg.com/typescript/-/typescript-3.2.4.tgz#c585cb952912263d915b462726ce244ba510ef3d"
  integrity sha512-0RNDbSdEokBeEAkgNbxJ+BLwSManFy9TeXz8uW+48j/xhEXv1ePME60olyzw2XzUqUBNAYFeJadIqAgNqIACwg==
